
Microsoft Visual Studio Solution File, Format Version 12.00
# Visual Studio Version 16
VisualStudioVersion = 16.0.31112.23
MinimumVisualStudioVersion = 10.0.40219.1
Project("{9A19103F-16F7-4668-BE54-9A1E7A4F7556}") = "MyVanity", "MyVanity\MyVanity.csproj", "{1EC1024D-CB3F-4448-B81E-DF4C7899AA44}"
EndProject
Global
	GlobalSection(SolutionConfigurationPlatforms) = preSolution
		Debug|Any CPU = Debug|Any CPU
		Release|Any CPU = Release|Any CPU
	EndGlobalSection
	GlobalSection(ProjectConfigurationPlatforms) = postSolution
		{1EC1024D-CB3F-4448-B81E-DF4C7899AA44}.Debug|Any CPU.ActiveCfg = Debug|Any CPU
		{1EC1024D-CB3F-4448-B81E-DF4C7899AA44}.Debug|Any CPU.Build.0 = Debug|Any CPU
		{1EC1024D-CB3F-4448-B81E-DF4C7899AA44}.Release|Any CPU.ActiveCfg = Release|Any CPU
		{1EC1024D-CB3F-4448-B81E-DF4C7899AA44}.Release|Any CPU.Build.0 = Release|Any CPU
	EndGlobalSection
	GlobalSection(SolutionProperties) = preSolution
		HideSolutionNode = FALSE
	EndGlobalSection
	GlobalSection(ExtensibilityGlobals) = postSolution
		SolutionGuid = {6F3CF91E-4F67-4C49-BB0D-D15D94D699E8}
	EndGlobalSection
EndGlobal
